github.com/kaushalmodi/hugo-bare-min-theme v0.3.0 h1:s4nvSEImA/sOmGFRCKeWZ838REvPBdgrfbMf+D8mhtE=
github.com/kaushalmodi/hugo-bare-min-theme v0.3.0/go.mod h1:bzEhH8jTOCqqAXLCBeYtZd0fahET4bNl6YnxOsjwuIg=
github.com/kaushalmodi/hugo-debugprint v0.1.0/go.mod h1:vusrDLlGE+4Uc1b4PgM0dI8lJCEqC1o7NjFr8WIfkaQ=
github.com/kaushalmodi/hugo-search-fuse-js v0.3.0/go.mod h1:96kq3KKM93E06XVL//h4MaYFhZIYzJTj5/E+Kqeg7TA=
